
Microsoft Visual Studio Solution File, Format Version 12.00
# Visual Studio Version 16
VisualStudioVersion = 16.0.30907.101
MinimumVisualStudioVersion = 10.0.40219.1
Project("{9A19103F-16F7-4668-BE54-9A1E7A4F7556}") = "MyWebAPI", "MyWebAPI\MyWebAPI.csproj", "{D0AADFD1-5986-4FE4-9530-4994465E4CE3}"
EndProject
Project("{FAE04EC0-301F-11D3-BF4B-00C04F79EFBC}") = "MyEntities", "MyEntities\MyEntities.csproj", "{AAA1E3AE-D14B-4DAB-8753-3374BE217530}"
EndProject
Project("{FAE04EC0-301F-11D3-BF4B-00C04F79EFBC}") = "MyWebApp", "MyWebApp\MyWebApp.csproj", "{9BCFBB5D-9AAF-4293-990B-0F47EEF779D4}"
EndProject
Global
	GlobalSection(SolutionConfigurationPlatforms) = preSolution
		Debug|Any CPU = Debug|Any CPU
		Release|Any CPU = Release|Any CPU
	EndGlobalSection
	GlobalSection(ProjectConfigurationPlatforms) = postSolution
		{D0AADFD1-5986-4FE4-9530-4994465E4CE3}.Debug|Any CPU.ActiveCfg = Debug|Any CPU
		{D0AADFD1-5986-4FE4-9530-4994465E4CE3}.Debug|Any CPU.Build.0 = Debug|Any CPU
		{D0AADFD1-5986-4FE4-9530-4994465E4CE3}.Release|Any CPU.ActiveCfg = Release|Any CPU
		{D0AADFD1-5986-4FE4-9530-4994465E4CE3}.Release|Any CPU.Build.0 = Release|Any CPU
		{AAA1E3AE-D14B-4DAB-8753-3374BE217530}.Debug|Any CPU.ActiveCfg = Debug|Any CPU
		{AAA1E3AE-D14B-4DAB-8753-3374BE217530}.Debug|Any CPU.Build.0 = Debug|Any CPU
		{AAA1E3AE-D14B-4DAB-8753-3374BE217530}.Release|Any CPU.ActiveCfg = Release|Any CPU
		{AAA1E3AE-D14B-4DAB-8753-3374BE217530}.Release|Any CPU.Build.0 = Release|Any CPU
		{9BCFBB5D-9AAF-4293-990B-0F47EEF779D4}.Debug|Any CPU.ActiveCfg = Debug|Any CPU
		{9BCFBB5D-9AAF-4293-990B-0F47EEF779D4}.Debug|Any CPU.Build.0 = Debug|Any CPU
		{9BCFBB5D-9AAF-4293-990B-0F47EEF779D4}.Release|Any CPU.ActiveCfg = Release|Any CPU
		{9BCFBB5D-9AAF-4293-990B-0F47EEF779D4}.Release|Any CPU.Build.0 = Release|Any CPU
	EndGlobalSection
	GlobalSection(SolutionProperties) = preSolution
		HideSolutionNode = FALSE
	EndGlobalSection
	GlobalSection(ExtensibilityGlobals) = postSolution
		SolutionGuid = {2BD2F042-3576-4B59-AFCD-39ACFB669CC2}
	EndGlobalSection
EndGlobal
